
Microsoft Visual Studio Solution File, Format Version 12.00
# Visual Studio Version 16
VisualStudioVersion = 16.0.29306.81
MinimumVisualStudioVersion = 10.0.40219.1
Project("{FAE04EC0-301F-11D3-BF4B-00C04F79EFBC}") = "SimpleWebApi", "SimpleWebApi\SimpleWebApi.csproj", "{B7468C10-AF95-49F0-A03D-D663C96950F9}"
EndProject
Global
	GlobalSection(SolutionConfigurationPlatforms) = preSolution
		Debug|Any CPU = Debug|Any CPU
		Release|Any CPU = Release|Any CPU
	EndGlobalSection
	GlobalSection(ProjectConfigurationPlatforms) = postSolution
		{B7468C10-AF95-49F0-A03D-D663C96950F9}.Debug|Any CPU.ActiveCfg = Debug|Any CPU
		{B7468C10-AF95-49F0-A03D-D663C96950F9}.Debug|Any CPU.Build.0 = Debug|Any CPU
		{B7468C10-AF95-49F0-A03D-D663C96950F9}.Release|Any CPU.ActiveCfg = Release|Any CPU
		{B7468C10-AF95-49F0-A03D-D663C96950F9}.Release|Any CPU.Build.0 = Release|Any CPU
	EndGlobalSection
	GlobalSection(SolutionProperties) = preSolution
		HideSolutionNode = FALSE
	EndGlobalSection
	GlobalSection(ExtensibilityGlobals) = postSolution
		SolutionGuid = {C3383454-7BDC-454E-A625-057FBED488FC}
	EndGlobalSection
EndGlobal
